# This file is autogenerated, do not edit; changes may be undone by the next 'dep ensure'.


[[projects]]
  digest = "1:4d6f036ea3fe636bcb2e89850bcdc62a771354e157cd51b8b22a2de8562bf663"
  name = "cloud.google.com/go"
  packages = ["compute/metadata"]
  pruneopts = "UT"
  revision = "c9474f2f8deb81759839474b6bd1726bbfe1c1c4"
  version = "v0.36.0"

[[projects]]
  digest = "1:b92928b73320648b38c93cacb9082c0fe3f8ac3383ad9bd537eef62c380e0e7a"
  name = "contrib.go.opencensus.io/exporter/ocagent"
  packages = ["."]
  pruneopts = "UT"
  revision = "00af367e65149ff1f2f4b93bbfbb84fd9297170d"
  version = "v0.2.0"

[[projects]]
  digest = "1:6ec3330f35a0d28d1681fc338e3960d8504e70e66ee5b2642b4be0042da27961"
  name = "github.com/Azure/azure-sdk-for-go"
  packages = [
    "services/dns/mgmt/2017-09-01/dns",
    "version",
  ]
  pruneopts = "UT"
  revision = "f686bd664dc30c61b628f074d638540d6b87524f"
  version = "v26.1.0"

[[projects]]
  digest = "1:8b0c2e6fd5976e77994a0174f8076b538671b14ecde5155c3efad04e006cd39b"
  name = "github.com/Azure/go-autorest"
  packages = [
    "autorest",
    "autorest/adal",
    "autorest/azure",
    "autorest/azure/auth",
    "autorest/azure/cli",
    "autorest/date",
    "autorest/to",
    "autorest/validation",
    "logger",
    "tracing",
  ]
  pruneopts = "UT"
  revision = "f4369d4c79bf40df5e86def1e0f54c7ef261a51c"
  version = "v11.5.0"

[[projects]]
  digest = "1:ed3fc9992df610d07c85c24e0b792268cc1ce226dd9bf8cb2e6ad9a377b35415"
  name = "github.com/JamesClonk/vultr"
  packages = ["lib"]
  pruneopts = "UT"
  revision = "fa1c0367800db75e4d10d0ec90c49a8731670224"
  version = "1.15.0"

[[projects]]
  branch = "master"
  digest = "1:9bf7a67eb02c42e791b8280a94e7a84dcbbfc13a7b0736ae5fdb2964a3f3dcb1"
  name = "github.com/OpenDNS/vegadns2client"
  packages = ["."]
  pruneopts = "UT"
  revision = "a3fa4a771d87bda2514a90a157e1fed1b6897d2e"

[[projects]]
  branch = "master"
  digest = "1:c2c484999243502b4078f7ac0dd7a67676549930424ba6af032f5eababb1af49"
  name = "github.com/Sugi275/oci-env-configprovider"
  packages = ["envprovider"]
  pruneopts = "UT"
  revision = "13d3a02c3521f875c2e442ccb1e4e935d1610efe"

[[projects]]
  digest = "1:8e97c98e1460a6f6db91a3b0b6fbea58e58a6f3a4d019e8154130a7845d4c137"
  name = "github.com/akamai/AkamaiOPEN-edgegrid-golang"
  packages = [
    "client-v1",
    "configdns-v1",
    "edgegrid",
    "jsonhooks-v1",
  ]
  pruneopts = "UT"
  revision = "1471ce9c14c6d8c007516e129262962a628fecdf"
  version = "v0.7.3"

[[projects]]
  digest = "1:d7129e675c93be580a61edddf00a021ef15151a154ec1dd31a69f530702a0236"
  name = "github.com/aliyun/alibaba-cloud-sdk-go"
  packages = [
    "sdk",
    "sdk/auth",
    "sdk/auth/credentials",
    "sdk/auth/signers",
    "sdk/endpoints",
    "sdk/errors",
    "sdk/requests",
    "sdk/responses",
    "sdk/utils",
    "services/alidns",
  ]
  pruneopts = "UT"
  revision = "f1053bf92bb9d66d26e91b18d5596e173bb24257"
  version = "1.53.6"

[[projects]]
  digest = "1:aaf6e3a7edbf3fcd7fcb28091ef7f9d7e8a41148e068f60e320ed983a5d6988a"
  name = "github.com/aws/aws-sdk-go"
  packages = [
    "aws",
    "aws/awserr",
    "aws/awsutil",
    "aws/client",
    "aws/client/metadata",
    "aws/corehandlers",
    "aws/credentials",
    "aws/credentials/ec2rolecreds",
    "aws/credentials/endpointcreds",
    "aws/credentials/stscreds",
    "aws/defaults",
    "aws/ec2metadata",
    "aws/endpoints",
    "aws/request",
    "aws/session",
    "aws/signer/v4",
    "internal/shareddefaults",
    "private/protocol",
    "private/protocol/json/jsonutil",
    "private/protocol/jsonrpc",
    "private/protocol/query",
    "private/protocol/query/queryutil",
    "private/protocol/rest",
    "private/protocol/restxml",
    "private/protocol/xml/xmlutil",
    "service/lightsail",
    "service/route53",
    "service/sts",
  ]
  pruneopts = "UT"
  revision = "b69f447375c7fa0047ebcdd8ae5d585d5aac2f71"
  version = "v1.10.51"

[[projects]]
  digest = "1:166438587ed45ac211dab8a3ecebf4fa0c186d0db63430fb9127bbc2e5fcdc67"
  name = "github.com/cenkalti/backoff"
  packages = ["."]
  pruneopts = "UT"
  revision = "1e4cf3da559842a91afcb6ea6141451e6c30c618"
  version = "v2.1.1"

[[projects]]
  digest = "1:65b0d980b428a6ad4425f2df4cd5410edd81f044cf527bd1c345368444649e58"
  name = "github.com/census-instrumentation/opencensus-proto"
  packages = [
    "gen-go/agent/common/v1",
    "gen-go/agent/trace/v1",
    "gen-go/resource/v1",
    "gen-go/trace/v1",
  ]
  pruneopts = "UT"
  revision = "7f2434bc10da710debe5c4315ed6d4df454b4024"
  version = "v0.1.0"

[[projects]]
  digest = "1:9b61753fc44c21c3b64bfef0b4f6c8a764d65c246e0236d64d475404824468bb"
  name = "github.com/cloudflare/cloudflare-go"
  packages = ["."]
  pruneopts = "UT"
  revision = "1f9007fbecae20711133c60519338c41cef1ffb4"
  version = "v0.8.5"

[[projects]]
  digest = "1:95ec64cc4835f500ad3f9191d1e8146357ad04ef36795a1e27f53e9ebbcc16ac"
  name = "github.com/cpu/goacmedns"
  packages = ["."]
  pruneopts = "UT"
  revision = "ed19cad6ddd23bdd76990050f9a78b70ea9cbb15"
  version = "v0.0.1"

[[projects]]
  branch = "master"
  digest = "1:14e4f88bd4d3d2b1105ef287f6e4ade6157aeff5d8c04d1ef837023931140898"
  name = "github.com/decker502/dnspod-go"
  packages = ["."]
  pruneopts = "UT"
  revision = "71fbbdbdf1a7eeac949586de15bf96d416d3dd63"

[[projects]]
  digest = "1:76dc72490af7174349349838f2fe118996381b31ea83243812a97e5a0fd5ed55"
  name = "github.com/dgrijalva/jwt-go"
  packages = ["."]
  pruneopts = "UT"
  revision = "06ea1031745cb8b3dab3f6a236daf2b0aa468b7e"
  version = "v3.2.0"

[[projects]]
  digest = "1:cf0d2e435fd4ce45b789e93ef24b5f08e86be0e9807a16beb3694e2d8c9af965"
  name = "github.com/dimchansky/utfbom"
  packages = ["."]
  pruneopts = "UT"
  revision = "d2133a1ce379ef6fa992b0514a77146c60db9d1c"
  version = "v1.1.0"

[[projects]]
  digest = "1:e856fc44ab196970612bdc8c15e65ccf92ed8d4ccb3a2e65b88dc240a2fe5d0b"
  name = "github.com/dnsimple/dnsimple-go"
  packages = ["dnsimple"]
  pruneopts = "UT"
  revision = "f5ead9c20763fd925dea1362f2af5d671ed2a459"
  version = "v0.21.0"

[[projects]]
  digest = "1:196c981493997e177b8374b608470fcaaed05646b271b1a176556ce0d2d58f57"
  name = "github.com/exoscale/egoscale"
  packages = ["."]
  pruneopts = "UT"
  revision = "67368ae928a70cb5cb44ecf6f418ee33a1ade044"
  version = "v0.11.6"

[[projects]]
  digest = "1:af43bdaaf86655a2343f113e9b293bbc16b12099eaeb223982bbe4d4c22ba14d"
  name = "github.com/fatih/structs"
  packages = ["."]
  pruneopts = "UT"
  revision = "4966fc68f5b7593aafa6cbbba2d65ec6e1416047"
  version = "v1.1.0"

[[projects]]
  digest = "1:d37c61a335d13bc49b3f90e9e13c8686e4548839b69c58549e727afb2245c454"
  name = "github.com/go-ini/ini"
  packages = ["."]
  pruneopts = "UT"
  revision = "c85607071cf08ca1adaf48319cd1aa322e81d8c1"
  version = "v1.42.0"

[[projects]]
  digest = "1:ce431d26276fb2227ae64ad2f7d980e8da9126c93979d9c83f413c36215e7031"
  name = "github.com/go-resty/resty"
  packages = ["."]
  pruneopts = "UT"
  revision = "03c09fa32a21b7b27b8dbb3877826c1ab3d2daa2"
  version = "v1.11.0"

[[projects]]
  digest = "1:e1b86a55f22a21007da87160a3e0897a35392af410d33ae82a4f165f1eec13cf"
  name = "github.com/golang/protobuf"
  packages = [
    "proto",
    "ptypes",
    "ptypes/any",
    "ptypes/duration",
    "ptypes/timestamp",
    "ptypes/wrappers",
  ]
  pruneopts = "UT"
  revision = "c823c79ea1570fb5ff454033735a8e68575d1d0f"
  version = "v1.3.0"

[[projects]]
  digest = "1:a63cff6b5d8b95638bfe300385d93b2a6d9d687734b863da8e09dc834510a690"
  name = "github.com/google/go-querystring"
  packages = ["query"]
  pruneopts = "UT"
  revision = "44c6ddd0a2342c386950e880b658017258da92fc"
  version = "v1.0.0"

[[projects]]
  digest = "1:8f8811f9be822914c3a25c6a071e93beb4c805d7b026cbf298bc577bc1cc945b"
  name = "github.com/google/uuid"
  packages = ["."]
  pruneopts = "UT"
  revision = "064e2069ce9c359c118179501254f67d7d37ba24"
  version = "0.2"

[[projects]]
  branch = "master"
  digest = "1:21eddd03926bcfc558c0b0863f9f4d12064431ddc9231ef23011cdbdd4aa694c"
  name = "github.com/gophercloud/gophercloud"
  packages = [
    ".",
    "openstack",
    "openstack/dns/v2/recordsets",
    "openstack/dns/v2/zones",
    "openstack/identity/v2/tenants",
    "openstack/identity/v2/tokens",
    "openstack/identity/v3/tokens",
    "openstack/utils",
    "pagination",
  ]
  pruneopts = "UT"
  revision = "490361a9a1c1bb9fdcdb7d370f03cd3a86b4b301"

[[projects]]
  branch = "master"
  digest = "1:d2414520e17414fcd9005454f3a57dfeaa9982755798c75c7eed74c4bf2c7bdd"
  name = "github.com/iij/doapi"
  packages = [
    ".",
    "protocol",
  ]
  pruneopts = "UT"
  revision = "8803795a9b7b938fa88ddbd63a77893beee14cd8"

[[projects]]
  digest = "1:b87714e57a511d88f307aba7d5b63522da12bed0a050889c81272fc50f71100e"
  name = "github.com/jmespath/go-jmespath"
  packages = ["."]
  pruneopts = "UT"
  revision = "3433f3ea46d9f8019119e7dd41274e112a2359a9"
  version = "0.2.2"

[[projects]]
  digest = "1:3e551bbb3a7c0ab2a2bf4660e7fcad16db089fdcfbb44b0199e62838038623ea"
  name = "github.com/json-iterator/go"
  packages = ["."]
  pruneopts = "UT"
  revision = "1624edc4454b8682399def8740d46db5e4362ba4"
  version = "v1.1.5"

[[projects]]
  digest = "1:190ff84d9b2ed6589088f178cba8edb4b8ecb334df4572421fb016be1ac20463"
  name = "github.com/juju/ratelimit"
  packages = ["."]
  pruneopts = "UT"
  revision = "59fac5042749a5afb9af70e813da1dd5474f0167"
  version = "1.0.1"

[[projects]]
  branch = "master"
  digest = "1:5870e81e8951f1b080d69341300d3c145916b494dbc693c9d12b5d745b3d27ec"
  name = "github.com/kolo/xmlrpc"
  packages = ["."]
  pruneopts = "UT"
  revision = "16bdd962781df9696f40cc2bab924f1a855a7f89"

[[projects]]
  digest = "1:31e761d97c76151dde79e9d28964a812c46efc5baee4085b86f68f0c654450de"
  name = "github.com/konsorten/go-windows-terminal-sequences"
  packages = ["."]
  pruneopts = "UT"
  revision = "f55edac94c9bbba5d6182a4be46d86a2c9b5b50e"
  version = "v1.0.2"

[[projects]]
  digest = "1:95a8303346925597904bc86790fe640ed04ea31d44d9b3cf1ae2f87be905c6f1"
  name = "github.com/linode/linodego"
  packages = ["."]
  pruneopts = "UT"
  revision = "d0d31d8ca62fa3f7e4526ca0ce95de81e4ed001e"
  version = "v0.5.1"

[[projects]]
  digest = "1:1b46adc9e3d878cdf38a164cfdac2e19340f4d2662aa5bee88062f6ee08ac9df"
  name = "github.com/miekg/dns"
  packages = ["."]
  pruneopts = "UT"
  revision = "8fc2e5773bbd308ca2fcc962fd8d25c1bd0f6743"
  version = "v1.1.4"

[[projects]]
  digest = "1:5d231480e1c64a726869bc4142d270184c419749d34f167646baa21008eb0a79"
  name = "github.com/mitchellh/go-homedir"
  packages = ["."]
  pruneopts = "UT"
  revision = "af06845cf3004701891bf4fdb884bfe4920b3727"
  version = "v1.1.0"

[[projects]]
  digest = "1:53bc4cd4914cd7cd52139990d5170d6dc99067ae31c56530621b18b35fc30318"
  name = "github.com/mitchellh/mapstructure"
  packages = ["."]
  pruneopts = "UT"
  revision = "3536a929edddb9a5b34bd6861dc4a9647cb459fe"
  version = "v1.1.2"

[[projects]]
  digest = "1:33422d238f147d247752996a26574ac48dcf472976eda7f5134015f06bf16563"
  name = "github.com/modern-go/concurrent"
  packages = ["."]
  pruneopts = "UT"
  revision = "bacd9c7ef1dd9b15be4a9909b8ac7a4e313eec94"
  version = "1.0.3"

[[projects]]
  digest = "1:e32bdbdb7c377a07a9a46378290059822efdce5c8d96fe71940d87cb4f918855"
  name = "github.com/modern-go/reflect2"
  packages = ["."]
  pruneopts = "UT"
  revision = "4b7aa43c6742a2c18fdef89dd197aaae7dac7ccd"
  version = "1.0.1"

[[projects]]
  branch = "master"
  digest = "1:9991da8d42da9b213f2890a05ecbe0fad7325ac216ca3bd6ae30921457971fa9"
  name = "github.com/namedotcom/go"
  packages = ["namecom"]
  pruneopts = "UT"
  revision = "08470befbe04613bd4b44cb6978b05d50294c4d4"

[[projects]]
  digest = "1:52025592681b3b82b219d51d74451a818c50fcce9a9a8b8206fa39ba2c21e276"
  name = "github.com/nrdcg/auroradns"
  packages = ["."]
  pruneopts = "UT"
  revision = "750ca8603f9f2cca2457acb22ea6e44d3f05358c"
  version = "v1.0.0"

[[projects]]
  digest = "1:8aa9cbeb108d838d9b888950af3886f4f6b9e95368b17ab64008b787a1030124"
  name = "github.com/nrdcg/goinwx"
  packages = ["."]
  pruneopts = "UT"
  revision = "d8152159450570012552f924a0ae6ab3d8c617e0"
  version = "v0.6.0"

[[projects]]
  digest = "1:cffac02aa9e67f1fbbf5645e08c988c7a8413eec371f9ffb561dd9fa51b579c2"
  name = "github.com/oracle/oci-go-sdk"
  packages = [
    "common",
    "loadbalancer",
    "objectstorage",
  ]
  pruneopts = "UT"
  revision = "5295b14d42d1417490d318ff91475c5868e0fd8f"
  version = "v4.1.0"

[[projects]]
  branch = "master"
  digest = "1:f703c1f05c29329026c4f49bd6c71442537e1f964d3a4f310982702a293f28c6"
  name = "github.com/ovh/go-ovh"
  packages = ["ovh"]
  pruneopts = "UT"
  revision = "ba5adb4cf0148a3dbdbd30586f075266256a77b1"

[[projects]]
  digest = "1:cf31692c14422fa27c83a05292eb5cbe0fb2775972e8f1f8446a71549bd8980b"
  name = "github.com/pkg/errors"
  packages = ["."]
  pruneopts = "UT"
  revision = "ba968bfe8b2f7e042a574c888954fccecfa385b4"
  version = "v0.8.1"

[[projects]]
  branch = "master"
  digest = "1:ac0e3088c277429e2f38e9f9980aa4aebfa8291c345d6f88022ba34af1abda46"
  name = "github.com/sacloud/libsacloud"
  packages = [
    ".",
    "api",
    "sacloud",
    "sacloud/ostype",
  ]
  pruneopts = "UT"
  revision = "d78c9bc872a0aecf089560cc29b13ba736adf64e"

[[projects]]
  digest = "1:274f67cb6fed9588ea2521ecdac05a6d62a8c51c074c1fccc6a49a40ba80e925"
  name = "github.com/satori/go.uuid"
  packages = ["."]
  pruneopts = "UT"
  revision = "f58768cc1a7a7e77a3bd49e98cdd21419399b6a3"
  version = "v1.2.0"

[[projects]]
  digest = "1:87c2e02fb01c27060ccc5ba7c5a407cc91147726f8f40b70cceeedbc52b1f3a8"
  name = "github.com/sirupsen/logrus"
  packages = ["."]
  pruneopts = "UT"
  revision = "e1e72e9de974bd926e5c56f83753fba2df402ce5"
  version = "v1.3.0"

[[projects]]
  branch = "master"
  digest = "1:ad70c924ec7eca3834b39a6e652c088d8401a66f53a3d36c654d8dd067041389"
  name = "github.com/timewasted/linode"
  packages = [
    ".",
    "dns",
  ]
  pruneopts = "UT"
  revision = "37e84520dcf74488f67654f9c775b9752c232dc1"

[[projects]]
  branch = "master"
  digest = "1:fc42a575debd66021e1ebd71bb686331f8c3cefcd19ce2d213d2143043c08d02"
  name = "github.com/transip/gotransip"
  packages = [
    ".",
    "domain",
    "util",
  ]
  pruneopts = "UT"
  revision = "1dc93a7db3567a5ccf865106afac88278ba940cf"

[[projects]]
  digest = "1:941567da143051a0db8332eaadd3cfc38ed7660cf9bc862ab9b995ed2230b4d1"
  name = "github.com/xenolf/lego"
  packages = [
    "acme",
    "acme/api",
    "acme/api/internal/nonces",
    "acme/api/internal/secure",
    "acme/api/internal/sender",
    "certcrypto",
    "certificate",
    "challenge",
    "challenge/dns01",
    "challenge/http01",
    "challenge/resolver",
    "challenge/tlsalpn01",
    "lego",
    "log",
    "platform/config/env",
    "platform/wait",
    "providers/dns",
    "providers/dns/acmedns",
    "providers/dns/alidns",
    "providers/dns/auroradns",
    "providers/dns/azure",
    "providers/dns/bluecat",
    "providers/dns/cloudflare",
    "providers/dns/cloudxns",
    "providers/dns/cloudxns/internal",
    "providers/dns/conoha",
    "providers/dns/conoha/internal",
    "providers/dns/designate",
    "providers/dns/digitalocean",
    "providers/dns/dnsimple",
    "providers/dns/dnsmadeeasy",
    "providers/dns/dnsmadeeasy/internal",
    "providers/dns/dnspod",
    "providers/dns/dreamhost",
    "providers/dns/duckdns",
    "providers/dns/dyn",
    "providers/dns/exec",
    "providers/dns/exoscale",
    "providers/dns/fastdns",
    "providers/dns/gandi",
    "providers/dns/gandiv5",
    "providers/dns/gcloud",
    "providers/dns/glesys",
    "providers/dns/godaddy",
    "providers/dns/hostingde",
    "providers/dns/httpreq",
    "providers/dns/iij",
    "providers/dns/inwx",
    "providers/dns/lightsail",
    "providers/dns/linode",
    "providers/dns/linodev4",
    "providers/dns/mydnsjp",
    "providers/dns/namecheap",
    "providers/dns/namedotcom",
    "providers/dns/netcup",
    "providers/dns/netcup/internal",
    "providers/dns/nifcloud",
    "providers/dns/nifcloud/internal",
    "providers/dns/ns1",
    "providers/dns/otc",
    "providers/dns/ovh",
    "providers/dns/pdns",
    "providers/dns/rackspace",
    "providers/dns/rfc2136",
    "providers/dns/route53",
    "providers/dns/sakuracloud",
    "providers/dns/selectel",
    "providers/dns/selectel/internal",
    "providers/dns/stackpath",
    "providers/dns/transip",
    "providers/dns/vegadns",
    "providers/dns/vscale",
    "providers/dns/vscale/internal",
    "providers/dns/vultr",
    "providers/dns/zoneee",
    "registration",
  ]
  pruneopts = "UT"
  revision = "52e43eb318b07ace590c2144804292c89aa74802"
  version = "v2.2.0"

[[projects]]
  digest = "1:2ae8314c44cd413cfdb5b1df082b350116dd8d2fff973e62c01b285b7affd89e"
  name = "go.opencensus.io"
  packages = [
    ".",
    "exemplar",
    "internal",
    "internal/tagencoding",
    "plugin/ochttp",
    "plugin/ochttp/propagation/b3",
    "plugin/ochttp/propagation/tracecontext",
    "stats",
    "stats/internal",
    "stats/view",
    "tag",
    "trace",
    "trace/internal",
    "trace/propagation",
    "trace/tracestate",
  ]
  pruneopts = "UT"
  revision = "b7bf3cdb64150a8c8c53b769fdeb2ba581bd4d4b"
  version = "v0.18.0"

[[projects]]
  branch = "master"
  digest = "1:ec6a64f178ff2b1b25c04c790a4b49368c30e25ba68c87fc7ab923c3d46d37a6"
  name = "golang.org/x/crypto"
  packages = [
    "ed25519",
    "ed25519/internal/edwards25519",
    "ocsp",
    "pbkdf2",
    "pkcs12",
    "pkcs12/internal/rc2",
    "ssh/terminal",
  ]
  pruneopts = "UT"
  revision = "7f87c0fbb88b590338857bcb720678c2583d4dea"

[[projects]]
  branch = "master"
  digest = "1:28b2bfc1c03fe8da06d5d99d668da729eb7400f83cc12026970b47bd8ddec8c9"
  name = "golang.org/x/net"
  packages = [
    "bpf",
    "context",
    "context/ctxhttp",
    "http/httpguts",
    "http2",
    "http2/hpack",
    "idna",
    "internal/iana",
    "internal/socket",
    "internal/timeseries",
    "ipv4",
    "ipv6",
    "publicsuffix",
    "trace",
  ]
  pruneopts = "UT"
  revision = "312bce6e941fc7e152b630a8643ea239afc12ddd"

[[projects]]
  branch = "master"
  digest = "1:4543d7691e7be7850afc6cf0e520e51ebb8f0ad1ca25561b225cf00561361a7e"
  name = "golang.org/x/oauth2"
  packages = [
    ".",
    "clientcredentials",
    "google",
    "internal",
    "jws",
    "jwt",
  ]
  pruneopts = "UT"
  revision = "e64efc72b421e893cbf63f17ba2221e7d6d0b0f3"

[[projects]]
  branch = "master"
  digest = "1:75515eedc0dc2cb0b40372008b616fa2841d831c63eedd403285ff286c593295"
  name = "golang.org/x/sync"
  packages = ["semaphore"]
  pruneopts = "UT"
  revision = "37e7f081c4d4c64e13b10787722085407fe5d15f"

[[projects]]
  branch = "master"
  digest = "1:80200f57d482f61334a482a046ddedbad77c04dbec6ab81a4e1b3c6adbdfadef"
  name = "golang.org/x/sys"
  packages = [
    "unix",
    "windows",
  ]
  pruneopts = "UT"
  revision = "775f8194d0f9e65c46913c7be783d3d95a29333c"

[[projects]]
  digest = "1:a2ab62866c75542dd18d2b069fec854577a20211d7c0ea6ae746072a1dccdd18"
  name = "golang.org/x/text"
  packages = [
    "collate",
    "collate/build",
    "internal/colltab",
    "internal/gen",
    "internal/tag",
    "internal/triegen",
    "internal/ucd",
    "language",
    "secure/bidirule",
    "transform",
    "unicode/bidi",
    "unicode/cldr",
    "unicode/norm",
    "unicode/rangetable",
  ]
  pruneopts = "UT"
  revision = "f21a4dfb5e38f5895301dc265a8def02365cc3d0"
  version = "v0.3.0"

[[projects]]
  branch = "master"
  digest = "1:9fdc2b55e8e0fafe4b41884091e51e77344f7dc511c5acedcfd98200003bff90"
  name = "golang.org/x/time"
  packages = ["rate"]
  pruneopts = "UT"
  revision = "85acf8d2951cb2a3bde7632f9ff273ef0379bcbd"

[[projects]]
  branch = "master"
  digest = "1:7d6489ed3aa91fb927ad7920d2e6c17e7253e779018af1a6d3e1088cf6e33716"
  name = "google.golang.org/api"
  packages = [
    "dns/v1",
    "gensupport",
    "googleapi",
    "googleapi/internal/uritemplates",
    "support/bundler",
  ]
  pruneopts = "UT"
  revision = "8a550ba84cafabe9b2262c41303f31e5a4626318"

[[projects]]
  digest = "1:fa026a5c59bd2df343ec4a3538e6288dcf4e2ec5281d743ae82c120affe6926a"
  name = "google.golang.org/appengine"
  packages = [
    ".",
    "internal",
    "internal/app_identity",
    "internal/base",
    "internal/datastore",
    "internal/log",
    "internal/modules",
    "internal/remote_api",
    "internal/urlfetch",
    "urlfetch",
  ]
  pruneopts = "UT"
  revision = "e9657d882bb81064595ca3b56cbe2546bbabf7b1"
  version = "v1.4.0"

[[projects]]
  branch = "master"
  digest = "1:077c1c599507b3b3e9156d17d36e1e61928ee9b53a5b420f10f28ebd4a0b275c"
  name = "google.golang.org/genproto"
  packages = ["googleapis/rpc/status"]
  pruneopts = "UT"
  revision = "fc2db5cae922db113989ef87b5b859cc8a179f59"

[[projects]]
  digest = "1:cbc746de4662c66fd24a037501bd65aa0f8ad0bfca0c92576e0abb88864e3741"
  name = "google.golang.org/grpc"
  packages = [
    ".",
    "balancer",
    "balancer/base",
    "balancer/roundrobin",
    "binarylog/grpc_binarylog_v1",
    "codes",
    "connectivity",
    "credentials",
    "credentials/internal",
    "encoding",
    "encoding/proto",
    "grpclog",
    "internal",
    "internal/backoff",
    "internal/binarylog",
    "internal/channelz",
    "internal/envconfig",
    "internal/grpcrand",
    "internal/grpcsync",
    "internal/syscall",
    "internal/transport",
    "keepalive",
    "metadata",
    "naming",
    "peer",
    "resolver",
    "resolver/dns",
    "resolver/passthrough",
    "stats",
    "status",
    "tap",
  ]
  pruneopts = "UT"
  revision = "2fdaae294f38ed9a121193c51ec99fecd3b13eb7"
  version = "v1.19.0"

[[projects]]
  digest = "1:d37c61a335d13bc49b3f90e9e13c8686e4548839b69c58549e727afb2245c454"
  name = "gopkg.in/ini.v1"
  packages = ["."]
  pruneopts = "UT"
  revision = "c85607071cf08ca1adaf48319cd1aa322e81d8c1"
  version = "v1.42.0"

[[projects]]
  branch = "v2"
  digest = "1:95db33ebcb72938373f851da040e1f6111917597ef40b1438e03b13dd0c59541"
  name = "gopkg.in/ns1/ns1-go.v2"
  packages = [
    "rest",
    "rest/model/account",
    "rest/model/data",
    "rest/model/dns",
    "rest/model/filter",
    "rest/model/monitor",
  ]
  pruneopts = "UT"
  revision = "a57b2a18aab64f935372576088e673f8b7fba967"

[[projects]]
  digest = "1:c0c30f47f9c16f227ba82f0bdfd14fa968453c30b7677a07903b3b4f34b98d49"
  name = "gopkg.in/square/go-jose.v2"
  packages = [
    ".",
    "cipher",
    "json",
  ]
  pruneopts = "UT"
  revision = "628223f44a71f715d2881ea69afc795a1e9c01be"
  version = "v2.3.0"

[solve-meta]
  analyzer-name = "dep"
  analyzer-version = 1
  input-imports = [
    "github.com/Sugi275/oci-env-configprovider/envprovider",
    "github.com/oracle/oci-go-sdk/common",
    "github.com/oracle/oci-go-sdk/loadbalancer",
    "github.com/oracle/oci-go-sdk/objectstorage",
    "github.com/xenolf/lego/certcrypto",
    "github.com/xenolf/lego/certificate",
    "github.com/xenolf/lego/challenge/dns01",
    "github.com/xenolf/lego/lego",
    "github.com/xenolf/lego/platform/config/env",
    "github.com/xenolf/lego/providers/dns",
    "github.com/xenolf/lego/registration",
  ]
  solver-name = "gps-cdcl"
  solver-version = 1
